schema: '2.0'
stages:
  data_ingestion:
    cmd: python src/cnnClassifier/pipeline/stage_01_data_ingestion.py
    deps:
    - path: config/config.yaml
      hash: md5
      md5: 03d5e9c7d1b15607414a236a96b2dc20
      size: 586
    - path: src/cnnClassifier/pipeline/stage_01_data_ingestion.py
      hash: md5
      md5: 9c0f7edd4bed44dbdc572c01ce640c8a
      size: 902
    outs:
    - path: artifacts/data_ingestion/MLdata
      hash: md5
      md5: 21abb80026967e24b77683e3baac73cf.dir
      size: 29014220
      nfiles: 174
  prepare_base_model:
    cmd: python src/cnnClassifier/pipeline/stage_02_prepare_base_model.py
    deps:
    - path: config/config.yaml
      hash: md5
      md5: 03d5e9c7d1b15607414a236a96b2dc20
      size: 586
    - path: src/cnnClassifier/pipeline/stage_02_prepare_base_model.py
      hash: md5
      md5: fe276034f349392a04d69bc9633ceb3c
      size: 995
    params:
      params.yaml:
        CLASSES: 2
        IMAGE_SIZE:
        - 224
        - 224
        - 3
        INCLUDE_TOP: false
        LEARNING_RATE: 0.01
        WEIGHTS: imagenet
    outs:
    - path: artifacts/prepare_base_model
      hash: md5
      md5: d2e0a8b4779bd7e8b0d165d16c8b83d4.dir
      size: 118054560
      nfiles: 2
  training:
    cmd: python src/cnnClassifier/pipeline/stage_03_model_trainer.py
    deps:
    - path: artifacts/data_ingestion/MLdata
      hash: md5
      md5: 21abb80026967e24b77683e3baac73cf.dir
      size: 29014220
      nfiles: 174
    - path: artifacts/prepare_base_model
      hash: md5
      md5: d2e0a8b4779bd7e8b0d165d16c8b83d4.dir
      size: 118054560
      nfiles: 2
    - path: config/config.yaml
      hash: md5
      md5: 03d5e9c7d1b15607414a236a96b2dc20
      size: 586
    - path: src/cnnClassifier/pipeline/stage_03_model_trainer.py
      hash: md5
      md5: 6ec55f3955b9ecfe917352556b68fe5e
      size: 926
    params:
      params.yaml:
        AUGMENTATION: true
        BATCH_SIZE: 16
        EPOCHS: 1
        IMAGE_SIZE:
        - 224
        - 224
        - 3
    outs:
    - path: artifacts/training/model.h5
      hash: md5
      md5: 22e69b96920c61a15cce6165d830455d
      size: 59337520
  evaluation:
    cmd: python src/cnnClassifier/pipeline/stage_04_model_evaluation.py
    deps:
    - path: artifacts/data_ingestion/MLdata
      hash: md5
      md5: 21abb80026967e24b77683e3baac73cf.dir
      size: 29014220
      nfiles: 174
    - path: artifacts/training/model.h5
      hash: md5
      md5: 22e69b96920c61a15cce6165d830455d
      size: 59337520
    - path: config/config.yaml
      hash: md5
      md5: 03d5e9c7d1b15607414a236a96b2dc20
      size: 586
    - path: src/cnnClassifier/pipeline/stage_04_model_evaluation.py
      hash: md5
      md5: d7697b6c0fb10c286af4bc46245c814d
      size: 1077
    params:
      params.yaml:
        BATCH_SIZE: 16
        IMAGE_SIZE:
        - 224
        - 224
        - 3
    outs:
    - path: scores.json
      hash: md5
      md5: 3016435b2ff74fe1acac3ba515531376
      size: 72
